
Microsoft Visual Studio Solution File, Format Version 12.00
# Visual Studio Version 17
VisualStudioVersion = 17.3.32901.215
MinimumVisualStudioVersion = 10.0.40219.1
Project("{FAE04EC0-301F-11D3-BF4B-00C04F79EFBC}") = "CqrsMediatrExample", "CqrsMediatrExample\CqrsMediatrExample.csproj", "{6FC49704-775F-4117-BCED-3B549353770B}"
EndProject
Global
	GlobalSection(SolutionConfigurationPlatforms) = preSolution
		Debug|Any CPU = Debug|Any CPU
		Release|Any CPU = Release|Any CPU
	EndGlobalSection
	GlobalSection(ProjectConfigurationPlatforms) = postSolution
		{6FC49704-775F-4117-BCED-3B549353770B}.Debug|Any CPU.ActiveCfg = Debug|Any CPU
		{6FC49704-775F-4117-BCED-3B549353770B}.Debug|Any CPU.Build.0 = Debug|Any CPU
		{6FC49704-775F-4117-BCED-3B549353770B}.Release|Any CPU.ActiveCfg = Release|Any CPU
		{6FC49704-775F-4117-BCED-3B549353770B}.Release|Any CPU.Build.0 = Release|Any CPU
	EndGlobalSection
	GlobalSection(SolutionProperties) = preSolution
		HideSolutionNode = FALSE
	EndGlobalSection
	GlobalSection(ExtensibilityGlobals) = postSolution
		SolutionGuid = {77EEDDB6-AF40-4225-9E21-69676906A2F6}
	EndGlobalSection
EndGlobal
